# Resolved toolchain versions. Regenerate with: bash infra/wsl/bootstrap-toolchain.sh --latest
# Generated by bootstrap-toolchain.sh; safe to commit.
buf=v1.73.0
cosign=v3.1.3
gh=v2.101.0
gitleaks=v8.30.1
go=go1.27.1
opa=v1.20.2
semgrep=1.177.0
syft=v1.52.0
trivy=v0.74.0
uv=uv 0.12.17 (x86_64-unknown-linux-gnu)
